
Microsoft Visual Studio Solution File, Format Version 12.00
# Visual Studio Version 16
VisualStudioVersion = 16.0.30711.63
MinimumVisualStudioVersion = 10.0.40219.1
Project("{8BC9CEB8-8B4A-11D0-8D11-00A0C91BC942}") = "n.Implementing Box Blur", "n.Implementing Box Blur.vcxproj", "{0D31260E-1E1F-4E98-B275-AD27E5294D96}"
EndProject
Global
	GlobalSection(SolutionConfigurationPlatforms) = preSolution
		Debug|x64 = Debug|x64
		Debug|x86 = Debug|x86
		Release|x64 = Release|x64
		Release|x86 = Release|x86
	EndGlobalSection
	GlobalSection(ProjectConfigurationPlatforms) = postSolution
		{0D31260E-1E1F-4E98-B275-AD27E5294D96}.Debug|x64.ActiveCfg = Debug|x64
		{0D31260E-1E1F-4E98-B275-AD27E5294D96}.Debug|x64.Build.0 = Debug|x64
		{0D31260E-1E1F-4E98-B275-AD27E5294D96}.Debug|x86.ActiveCfg = Debug|Win32
		{0D31260E-1E1F-4E98-B275-AD27E5294D96}.Debug|x86.Build.0 = Debug|Win32
		{0D31260E-1E1F-4E98-B275-AD27E5294D96}.Release|x64.ActiveCfg = Release|x64
		{0D31260E-1E1F-4E98-B275-AD27E5294D96}.Release|x64.Build.0 = Release|x64
		{0D31260E-1E1F-4E98-B275-AD27E5294D96}.Release|x86.ActiveCfg = Release|Win32
		{0D31260E-1E1F-4E98-B275-AD27E5294D96}.Release|x86.Build.0 = Release|Win32
	EndGlobalSection
	GlobalSection(SolutionProperties) = preSolution
		HideSolutionNode = FALSE
	EndGlobalSection
	GlobalSection(ExtensibilityGlobals) = postSolution
		SolutionGuid = {594AEA7E-248B-466B-8123-57812419BD11}
	EndGlobalSection
EndGlobal
